
Microsoft Visual Studio Solution File, Format Version 12.00
# Visual Studio 14
VisualStudioVersion = 14.0.25420.1
MinimumVisualStudioVersion = 10.0.40219.1
Project("{FAE04EC0-301F-11D3-BF4B-00C04F79EFBC}") = "Tibox.Models", "Models\Tibox.Models.csproj", "{76D2C39B-04A7-4297-8978-1D8ECBD8CA67}"
EndProject
Project("{FAE04EC0-301F-11D3-BF4B-00C04F79EFBC}") = "Tibox.Repository", "Tibox.Repository\Tibox.Repository.csproj", "{E2FBFDC3-165C-4361-9DC1-5D1E4FCD6DC8}"
EndProject
Project("{FAE04EC0-301F-11D3-BF4B-00C04F79EFBC}") = "Tibox.UnitOfWork", "Tibox.UnitOfWork\Tibox.UnitOfWork.csproj", "{C3B1138B-8B6A-41C8-8D99-641E8F4F0CEA}"
EndProject
Project("{2150E333-8FDC-42A3-9474-1A3956D46DE8}") = "Unit Test", "Unit Test", "{AACE3B60-AC33-4288-8F22-C3BB0769BF3D}"
EndProject
Project("{FAE04EC0-301F-11D3-BF4B-00C04F79EFBC}") = "Tibox.DataAccess.Tests", "Tibox.DataAccess.Tests\Tibox.DataAccess.Tests.csproj", "{997D7AF3-CA4B-4AB0-BF2B-024A71CF401A}"
EndProject
Project("{2150E333-8FDC-42A3-9474-1A3956D46DE8}") = "Aprendizaje", "Aprendizaje", "{DDAA2DB5-63E1-4EC1-AC43-468DF69EC65F}"
EndProject
Project("{E24C65DC-7377-472B-9ABA-BC803B73C61A}") = "Tibox.Html5(1)", "Tibox.Html5\", "{492F0F02-C2B5-470F-83AD-BE1837E0CB83}"
	ProjectSection(WebsiteProperties) = preProject
		TargetFrameworkMoniker = ".NETFramework,Version%3Dv4.5.2"
		Debug.AspNetCompiler.VirtualPath = "/localhost_24469"
		Debug.AspNetCompiler.PhysicalPath = "Tibox.Html5\"
		Debug.AspNetCompiler.TargetPath = "PrecompiledWeb\localhost_24469\"
		Debug.AspNetCompiler.Updateable = "true"
		Debug.AspNetCompiler.ForceOverwrite = "true"
		Debug.AspNetCompiler.FixedNames = "false"
		Debug.AspNetCompiler.Debug = "True"
		Release.AspNetCompiler.VirtualPath = "/localhost_24469"
		Release.AspNetCompiler.PhysicalPath = "Tibox.Html5\"
		Release.AspNetCompiler.TargetPath = "PrecompiledWeb\localhost_24469\"
		Release.AspNetCompiler.Updateable = "true"
		Release.AspNetCompiler.ForceOverwrite = "true"
		Release.AspNetCompiler.FixedNames = "false"
		Release.AspNetCompiler.Debug = "False"
		VWDPort = "24469"
		SlnRelativePath = "Tibox.Html5\"
	EndProjectSection
EndProject
Project("{2150E333-8FDC-42A3-9474-1A3956D46DE8}") = "Data", "Data", "{10FED2E1-853A-4032-A032-84E9120CB3B4}"
EndProject
Project("{2150E333-8FDC-42A3-9474-1A3956D46DE8}") = "Web", "Web", "{03A9F2E6-29EF-42E0-8ADE-05BF02D59176}"
EndProject
Project("{FAE04EC0-301F-11D3-BF4B-00C04F79EFBC}") = "Tibox.Mvc", "Tibox.Mvc\Tibox.Mvc.csproj", "{D333BD79-70D4-45C4-BE5A-BCA8BEB84F4E}"
EndProject
Global
	GlobalSection(SolutionConfigurationPlatforms) = preSolution
		Debug|Any CPU = Debug|Any CPU
		Release|Any CPU = Release|Any CPU
	EndGlobalSection
	GlobalSection(ProjectConfigurationPlatforms) = postSolution
		{76D2C39B-04A7-4297-8978-1D8ECBD8CA67}.Debug|Any CPU.ActiveCfg = Debug|Any CPU
		{76D2C39B-04A7-4297-8978-1D8ECBD8CA67}.Debug|Any CPU.Build.0 = Debug|Any CPU
		{76D2C39B-04A7-4297-8978-1D8ECBD8CA67}.Release|Any CPU.ActiveCfg = Release|Any CPU
		{76D2C39B-04A7-4297-8978-1D8ECBD8CA67}.Release|Any CPU.Build.0 = Release|Any CPU
		{E2FBFDC3-165C-4361-9DC1-5D1E4FCD6DC8}.Debug|Any CPU.ActiveCfg = Debug|Any CPU
		{E2FBFDC3-165C-4361-9DC1-5D1E4FCD6DC8}.Debug|Any CPU.Build.0 = Debug|Any CPU
		{E2FBFDC3-165C-4361-9DC1-5D1E4FCD6DC8}.Release|Any CPU.ActiveCfg = Release|Any CPU
		{E2FBFDC3-165C-4361-9DC1-5D1E4FCD6DC8}.Release|Any CPU.Build.0 = Release|Any CPU
		{C3B1138B-8B6A-41C8-8D99-641E8F4F0CEA}.Debug|Any CPU.ActiveCfg = Debug|Any CPU
		{C3B1138B-8B6A-41C8-8D99-641E8F4F0CEA}.Debug|Any CPU.Build.0 = Debug|Any CPU
		{C3B1138B-8B6A-41C8-8D99-641E8F4F0CEA}.Release|Any CPU.ActiveCfg = Release|Any CPU
		{C3B1138B-8B6A-41C8-8D99-641E8F4F0CEA}.Release|Any CPU.Build.0 = Release|Any CPU
		{997D7AF3-CA4B-4AB0-BF2B-024A71CF401A}.Debug|Any CPU.ActiveCfg = Debug|Any CPU
		{997D7AF3-CA4B-4AB0-BF2B-024A71CF401A}.Debug|Any CPU.Build.0 = Debug|Any CPU
		{997D7AF3-CA4B-4AB0-BF2B-024A71CF401A}.Release|Any CPU.ActiveCfg = Release|Any CPU
		{997D7AF3-CA4B-4AB0-BF2B-024A71CF401A}.Release|Any CPU.Build.0 = Release|Any CPU
		{492F0F02-C2B5-470F-83AD-BE1837E0CB83}.Debug|Any CPU.ActiveCfg = Debug|Any CPU
		{492F0F02-C2B5-470F-83AD-BE1837E0CB83}.Debug|Any CPU.Build.0 = Debug|Any CPU
		{492F0F02-C2B5-470F-83AD-BE1837E0CB83}.Release|Any CPU.ActiveCfg = Debug|Any CPU
		{492F0F02-C2B5-470F-83AD-BE1837E0CB83}.Release|Any CPU.Build.0 = Debug|Any CPU
		{D333BD79-70D4-45C4-BE5A-BCA8BEB84F4E}.Debug|Any CPU.ActiveCfg = Debug|Any CPU
		{D333BD79-70D4-45C4-BE5A-BCA8BEB84F4E}.Debug|Any CPU.Build.0 = Debug|Any CPU
		{D333BD79-70D4-45C4-BE5A-BCA8BEB84F4E}.Release|Any CPU.ActiveCfg = Release|Any CPU
		{D333BD79-70D4-45C4-BE5A-BCA8BEB84F4E}.Release|Any CPU.Build.0 = Release|Any CPU
	EndGlobalSection
	GlobalSection(SolutionProperties) = preSolution
		HideSolutionNode = FALSE
	EndGlobalSection
	GlobalSection(NestedProjects) = preSolution
		{76D2C39B-04A7-4297-8978-1D8ECBD8CA67} = {10FED2E1-853A-4032-A032-84E9120CB3B4}
		{E2FBFDC3-165C-4361-9DC1-5D1E4FCD6DC8} = {10FED2E1-853A-4032-A032-84E9120CB3B4}
		{C3B1138B-8B6A-41C8-8D99-641E8F4F0CEA} = {10FED2E1-853A-4032-A032-84E9120CB3B4}
		{997D7AF3-CA4B-4AB0-BF2B-024A71CF401A} = {AACE3B60-AC33-4288-8F22-C3BB0769BF3D}
		{492F0F02-C2B5-470F-83AD-BE1837E0CB83} = {DDAA2DB5-63E1-4EC1-AC43-468DF69EC65F}
		{D333BD79-70D4-45C4-BE5A-BCA8BEB84F4E} = {03A9F2E6-29EF-42E0-8ADE-05BF02D59176}
	EndGlobalSection
EndGlobal
